
Microsoft Visual Studio Solution File, Format Version 12.00
# Visual Studio Version 17
VisualStudioVersion = 17.0.31903.59
MinimumVisualStudioVersion = 10.0.40219.1
Project("{2150E333-8FDC-42A3-9474-1A3956D46DE8}") = "src", "src", "{827E0CD3-B72D-47B6-A68D-7590B98EB39B}"
EndProject
Project("{FAE04EC0-301F-11D3-BF4B-00C04F79EFBC}") = "Core", "src\Core\Core.csproj", "{0CE48626-5926-4648-A50E-0D24C28E8031}"
EndProject
Project("{FAE04EC0-301F-11D3-BF4B-00C04F79EFBC}") = "Infrastructure", "src\Infrastructure\Infrastructure.csproj", "{2B09DA9D-0F52-4A78-AD5A-0102B74CBC15}"
EndProject
Project("{FAE04EC0-301F-11D3-BF4B-00C04F79EFBC}") = "Api", "src\Api\Api.csproj", "{7D8681BA-6221-4FBB-87E0-A9D15F9D723B}"
EndProject
Project("{FAE04EC0-301F-11D3-BF4B-00C04F79EFBC}") = "WorkerServices", "src\WorkerServices\WorkerServices.csproj", "{42EC8C7A-9467-4FD8-B5BC-73BB85A2E85E}"
EndProject
Project("{2150E333-8FDC-42A3-9474-1A3956D46DE8}") = "tests", "tests", "{0AB3BF05-4346-4AA6-1389-037BE0695223}"
EndProject
Project("{FAE04EC0-301F-11D3-BF4B-00C04F79EFBC}") = "UnitTests", "tests\UnitTests\UnitTests.csproj", "{16FB97BD-A6A4-471C-B7EB-B349873CDBEE}"
EndProject
Project("{FAE04EC0-301F-11D3-BF4B-00C04F79EFBC}") = "IntegrationTests", "tests\IntegrationTests\IntegrationTests.csproj", "{46D31DFA-3E1F-439F-A5D7-C30607555547}"
EndProject
Project("{FAE04EC0-301F-11D3-BF4B-00C04F79EFBC}") = "EndToEndTests", "tests\EndToEndTests\EndToEndTests.csproj", "{65F34245-765E-48CD-979C-91DB92EE6F33}"
EndProject
Project("{FAE04EC0-301F-11D3-BF4B-00C04F79EFBC}") = "BlazorFrontend", "src\BlazorFrontend\BlazorFrontend.csproj", "{293421A3-5603-4763-85BB-D49E07BB5061}"
EndProject
Global
	GlobalSection(SolutionConfigurationPlatforms) = preSolution
		Debug|Any CPU = Debug|Any CPU
		Debug|x64 = Debug|x64
		Debug|x86 = Debug|x86
		Release|Any CPU = Release|Any CPU
		Release|x64 = Release|x64
		Release|x86 = Release|x86
	EndGlobalSection
	GlobalSection(ProjectConfigurationPlatforms) = postSolution
		{0CE48626-5926-4648-A50E-0D24C28E8031}.Debug|Any CPU.ActiveCfg = Debug|Any CPU
		{0CE48626-5926-4648-A50E-0D24C28E8031}.Debug|Any CPU.Build.0 = Debug|Any CPU
		{0CE48626-5926-4648-A50E-0D24C28E8031}.Debug|x64.ActiveCfg = Debug|Any CPU
		{0CE48626-5926-4648-A50E-0D24C28E8031}.Debug|x64.Build.0 = Debug|Any CPU
		{0CE48626-5926-4648-A50E-0D24C28E8031}.Debug|x86.ActiveCfg = Debug|Any CPU
		{0CE48626-5926-4648-A50E-0D24C28E8031}.Debug|x86.Build.0 = Debug|Any CPU
		{0CE48626-5926-4648-A50E-0D24C28E8031}.Release|Any CPU.ActiveCfg = Release|Any CPU
		{0CE48626-5926-4648-A50E-0D24C28E8031}.Release|Any CPU.Build.0 = Release|Any CPU
		{0CE48626-5926-4648-A50E-0D24C28E8031}.Release|x64.ActiveCfg = Release|Any CPU
		{0CE48626-5926-4648-A50E-0D24C28E8031}.Release|x64.Build.0 = Release|Any CPU
		{0CE48626-5926-4648-A50E-0D24C28E8031}.Release|x86.ActiveCfg = Release|Any CPU
		{0CE48626-5926-4648-A50E-0D24C28E8031}.Release|x86.Build.0 = Release|Any CPU
		{2B09DA9D-0F52-4A78-AD5A-0102B74CBC15}.Debug|Any CPU.ActiveCfg = Debug|Any CPU
		{2B09DA9D-0F52-4A78-AD5A-0102B74CBC15}.Debug|Any CPU.Build.0 = Debug|Any CPU
		{2B09DA9D-0F52-4A78-AD5A-0102B74CBC15}.Debug|x64.ActiveCfg = Debug|Any CPU
		{2B09DA9D-0F52-4A78-AD5A-0102B74CBC15}.Debug|x64.Build.0 = Debug|Any CPU
		{2B09DA9D-0F52-4A78-AD5A-0102B74CBC15}.Debug|x86.ActiveCfg = Debug|Any CPU
		{2B09DA9D-0F52-4A78-AD5A-0102B74CBC15}.Debug|x86.Build.0 = Debug|Any CPU
		{2B09DA9D-0F52-4A78-AD5A-0102B74CBC15}.Release|Any CPU.ActiveCfg = Release|Any CPU
		{2B09DA9D-0F52-4A78-AD5A-0102B74CBC15}.Release|Any CPU.Build.0 = Release|Any CPU
		{2B09DA9D-0F52-4A78-AD5A-0102B74CBC15}.Release|x64.ActiveCfg = Release|Any CPU
		{2B09DA9D-0F52-4A78-AD5A-0102B74CBC15}.Release|x64.Build.0 = Release|Any CPU
		{2B09DA9D-0F52-4A78-AD5A-0102B74CBC15}.Release|x86.ActiveCfg = Release|Any CPU
		{2B09DA9D-0F52-4A78-AD5A-0102B74CBC15}.Release|x86.Build.0 = Release|Any CPU
		{7D8681BA-6221-4FBB-87E0-A9D15F9D723B}.Debug|Any CPU.ActiveCfg = Debug|Any CPU
		{7D8681BA-6221-4FBB-87E0-A9D15F9D723B}.Debug|Any CPU.Build.0 = Debug|Any CPU
		{7D8681BA-6221-4FBB-87E0-A9D15F9D723B}.Debug|x64.ActiveCfg = Debug|Any CPU
		{7D8681BA-6221-4FBB-87E0-A9D15F9D723B}.Debug|x64.Build.0 = Debug|Any CPU
		{7D8681BA-6221-4FBB-87E0-A9D15F9D723B}.Debug|x86.ActiveCfg = Debug|Any CPU
		{7D8681BA-6221-4FBB-87E0-A9D15F9D723B}.Debug|x86.Build.0 = Debug|Any CPU
		{7D8681BA-6221-4FBB-87E0-A9D15F9D723B}.Release|Any CPU.ActiveCfg = Release|Any CPU
		{7D8681BA-6221-4FBB-87E0-A9D15F9D723B}.Release|Any CPU.Build.0 = Release|Any CPU
		{7D8681BA-6221-4FBB-87E0-A9D15F9D723B}.Release|x64.ActiveCfg = Release|Any CPU
		{7D8681BA-6221-4FBB-87E0-A9D15F9D723B}.Release|x64.Build.0 = Release|Any CPU
		{7D8681BA-6221-4FBB-87E0-A9D15F9D723B}.Release|x86.ActiveCfg = Release|Any CPU
		{7D8681BA-6221-4FBB-87E0-A9D15F9D723B}.Release|x86.Build.0 = Release|Any CPU
		{42EC8C7A-9467-4FD8-B5BC-73BB85A2E85E}.Debug|Any CPU.ActiveCfg = Debug|Any CPU
		{42EC8C7A-9467-4FD8-B5BC-73BB85A2E85E}.Debug|Any CPU.Build.0 = Debug|Any CPU
		{42EC8C7A-9467-4FD8-B5BC-73BB85A2E85E}.Debug|x64.ActiveCfg = Debug|Any CPU
		{42EC8C7A-9467-4FD8-B5BC-73BB85A2E85E}.Debug|x64.Build.0 = Debug|Any CPU
		{42EC8C7A-9467-4FD8-B5BC-73BB85A2E85E}.Debug|x86.ActiveCfg = Debug|Any CPU
		{42EC8C7A-9467-4FD8-B5BC-73BB85A2E85E}.Debug|x86.Build.0 = Debug|Any CPU
		{42EC8C7A-9467-4FD8-B5BC-73BB85A2E85E}.Release|Any CPU.ActiveCfg = Release|Any CPU
		{42EC8C7A-9467-4FD8-B5BC-73BB85A2E85E}.Release|Any CPU.Build.0 = Release|Any CPU
		{42EC8C7A-9467-4FD8-B5BC-73BB85A2E85E}.Release|x64.ActiveCfg = Release|Any CPU
		{42EC8C7A-9467-4FD8-B5BC-73BB85A2E85E}.Release|x64.Build.0 = Release|Any CPU
		{42EC8C7A-9467-4FD8-B5BC-73BB85A2E85E}.Release|x86.ActiveCfg = Release|Any CPU
		{42EC8C7A-9467-4FD8-B5BC-73BB85A2E85E}.Release|x86.Build.0 = Release|Any CPU
		{16FB97BD-A6A4-471C-B7EB-B349873CDBEE}.Debug|Any CPU.ActiveCfg = Debug|Any CPU
		{16FB97BD-A6A4-471C-B7EB-B349873CDBEE}.Debug|Any CPU.Build.0 = Debug|Any CPU
		{16FB97BD-A6A4-471C-B7EB-B349873CDBEE}.Debug|x64.ActiveCfg = Debug|Any CPU
		{16FB97BD-A6A4-471C-B7EB-B349873CDBEE}.Debug|x64.Build.0 = Debug|Any CPU
		{16FB97BD-A6A4-471C-B7EB-B349873CDBEE}.Debug|x86.ActiveCfg = Debug|Any CPU
		{16FB97BD-A6A4-471C-B7EB-B349873CDBEE}.Debug|x86.Build.0 = Debug|Any CPU
		{16FB97BD-A6A4-471C-B7EB-B349873CDBEE}.Release|Any CPU.ActiveCfg = Release|Any CPU
		{16FB97BD-A6A4-471C-B7EB-B349873CDBEE}.Release|Any CPU.Build.0 = Release|Any CPU
		{16FB97BD-A6A4-471C-B7EB-B349873CDBEE}.Release|x64.ActiveCfg = Release|Any CPU
		{16FB97BD-A6A4-471C-B7EB-B349873CDBEE}.Release|x64.Build.0 = Release|Any CPU
		{16FB97BD-A6A4-471C-B7EB-B349873CDBEE}.Release|x86.ActiveCfg = Release|Any CPU
		{16FB97BD-A6A4-471C-B7EB-B349873CDBEE}.Release|x86.Build.0 = Release|Any CPU
		{46D31DFA-3E1F-439F-A5D7-C30607555547}.Debug|Any CPU.ActiveCfg = Debug|Any CPU
		{46D31DFA-3E1F-439F-A5D7-C30607555547}.Debug|Any CPU.Build.0 = Debug|Any CPU
		{46D31DFA-3E1F-439F-A5D7-C30607555547}.Debug|x64.ActiveCfg = Debug|Any CPU
		{46D31DFA-3E1F-439F-A5D7-C30607555547}.Debug|x64.Build.0 = Debug|Any CPU
		{46D31DFA-3E1F-439F-A5D7-C30607555547}.Debug|x86.ActiveCfg = Debug|Any CPU
		{46D31DFA-3E1F-439F-A5D7-C30607555547}.Debug|x86.Build.0 = Debug|Any CPU
		{46D31DFA-3E1F-439F-A5D7-C30607555547}.Release|Any CPU.ActiveCfg = Release|Any CPU
		{46D31DFA-3E1F-439F-A5D7-C30607555547}.Release|Any CPU.Build.0 = Release|Any CPU
		{46D31DFA-3E1F-439F-A5D7-C30607555547}.Release|x64.ActiveCfg = Release|Any CPU
		{46D31DFA-3E1F-439F-A5D7-C30607555547}.Release|x64.Build.0 = Release|Any CPU
		{46D31DFA-3E1F-439F-A5D7-C30607555547}.Release|x86.ActiveCfg = Release|Any CPU
		{46D31DFA-3E1F-439F-A5D7-C30607555547}.Release|x86.Build.0 = Release|Any CPU
		{65F34245-765E-48CD-979C-91DB92EE6F33}.Debug|Any CPU.ActiveCfg = Debug|Any CPU
		{65F34245-765E-48CD-979C-91DB92EE6F33}.Debug|Any CPU.Build.0 = Debug|Any CPU
		{65F34245-765E-48CD-979C-91DB92EE6F33}.Debug|x64.ActiveCfg = Debug|Any CPU
		{65F34245-765E-48CD-979C-91DB92EE6F33}.Debug|x64.Build.0 = Debug|Any CPU
		{65F34245-765E-48CD-979C-91DB92EE6F33}.Debug|x86.ActiveCfg = Debug|Any CPU
		{65F34245-765E-48CD-979C-91DB92EE6F33}.Debug|x86.Build.0 = Debug|Any CPU
		{65F34245-765E-48CD-979C-91DB92EE6F33}.Release|Any CPU.ActiveCfg = Release|Any CPU
		{65F34245-765E-48CD-979C-91DB92EE6F33}.Release|Any CPU.Build.0 = Release|Any CPU
		{65F34245-765E-48CD-979C-91DB92EE6F33}.Release|x64.ActiveCfg = Release|Any CPU
		{65F34245-765E-48CD-979C-91DB92EE6F33}.Release|x64.Build.0 = Release|Any CPU
		{65F34245-765E-48CD-979C-91DB92EE6F33}.Release|x86.ActiveCfg = Release|Any CPU
		{65F34245-765E-48CD-979C-91DB92EE6F33}.Release|x86.Build.0 = Release|Any CPU
		{293421A3-5603-4763-85BB-D49E07BB5061}.Debug|Any CPU.ActiveCfg = Debug|Any CPU
		{293421A3-5603-4763-85BB-D49E07BB5061}.Debug|Any CPU.Build.0 = Debug|Any CPU
		{293421A3-5603-4763-85BB-D49E07BB5061}.Debug|x64.ActiveCfg = Debug|Any CPU
		{293421A3-5603-4763-85BB-D49E07BB5061}.Debug|x64.Build.0 = Debug|Any CPU
		{293421A3-5603-4763-85BB-D49E07BB5061}.Debug|x86.ActiveCfg = Debug|Any CPU
		{293421A3-5603-4763-85BB-D49E07BB5061}.Debug|x86.Build.0 = Debug|Any CPU
		{293421A3-5603-4763-85BB-D49E07BB5061}.Release|Any CPU.ActiveCfg = Release|Any CPU
		{293421A3-5603-4763-85BB-D49E07BB5061}.Release|Any CPU.Build.0 = Release|Any CPU
		{293421A3-5603-4763-85BB-D49E07BB5061}.Release|x64.ActiveCfg = Release|Any CPU
		{293421A3-5603-4763-85BB-D49E07BB5061}.Release|x64.Build.0 = Release|Any CPU
		{293421A3-5603-4763-85BB-D49E07BB5061}.Release|x86.ActiveCfg = Release|Any CPU
		{293421A3-5603-4763-85BB-D49E07BB5061}.Release|x86.Build.0 = Release|Any CPU
	EndGlobalSection
	GlobalSection(SolutionProperties) = preSolution
		HideSolutionNode = FALSE
	EndGlobalSection
	GlobalSection(NestedProjects) = preSolution
		{0CE48626-5926-4648-A50E-0D24C28E8031} = {827E0CD3-B72D-47B6-A68D-7590B98EB39B}
		{2B09DA9D-0F52-4A78-AD5A-0102B74CBC15} = {827E0CD3-B72D-47B6-A68D-7590B98EB39B}
		{7D8681BA-6221-4FBB-87E0-A9D15F9D723B} = {827E0CD3-B72D-47B6-A68D-7590B98EB39B}
		{42EC8C7A-9467-4FD8-B5BC-73BB85A2E85E} = {827E0CD3-B72D-47B6-A68D-7590B98EB39B}
		{16FB97BD-A6A4-471C-B7EB-B349873CDBEE} = {0AB3BF05-4346-4AA6-1389-037BE0695223}
		{46D31DFA-3E1F-439F-A5D7-C30607555547} = {0AB3BF05-4346-4AA6-1389-037BE0695223}
		{65F34245-765E-48CD-979C-91DB92EE6F33} = {0AB3BF05-4346-4AA6-1389-037BE0695223}
		{293421A3-5603-4763-85BB-D49E07BB5061} = {827E0CD3-B72D-47B6-A68D-7590B98EB39B}
	EndGlobalSection
EndGlobal
